
Microsoft Visual Studio Solution File, Format Version 12.00
# Visual Studio Version 17
VisualStudioVersion = 17.13.35919.96 d17.13
MinimumVisualStudioVersion = 10.0.40219.1
Project("{FAE04EC0-301F-11D3-BF4B-00C04F79EFBC}") = "RockPaperScissors8B9", "RockPaperScissors8B9\RockPaperScissors8B9.csproj", "{36048DC6-C9E8-4D3F-AED1-38AF16C8FCF2}"
EndProject
Global
	GlobalSection(SolutionConfigurationPlatforms) = preSolution
		Debug|Any CPU = Debug|Any CPU
		Release|Any CPU = Release|Any CPU
	EndGlobalSection
	GlobalSection(ProjectConfigurationPlatforms) = postSolution
		{36048DC6-C9E8-4D3F-AED1-38AF16C8FCF2}.Debug|Any CPU.ActiveCfg = Debug|Any CPU
		{36048DC6-C9E8-4D3F-AED1-38AF16C8FCF2}.Debug|Any CPU.Build.0 = Debug|Any CPU
		{36048DC6-C9E8-4D3F-AED1-38AF16C8FCF2}.Release|Any CPU.ActiveCfg = Release|Any CPU
		{36048DC6-C9E8-4D3F-AED1-38AF16C8FCF2}.Release|Any CPU.Build.0 = Release|Any CPU
	EndGlobalSection
	GlobalSection(SolutionProperties) = preSolution
		HideSolutionNode = FALSE
	EndGlobalSection
	GlobalSection(ExtensibilityGlobals) = postSolution
		SolutionGuid = {24943472-C59B-489F-81BC-7AADD44CF970}
	EndGlobalSection
EndGlobal
